// !$*UTF8*$!
{
	archiveVersion = 1;
	classes = {
	};
	objectVersion = 77;
	objects = {

/* Begin PBXBuildFile section */
		014EFFAD9348FEA0E0277DA9 /* PlaygroundShell.swift in Sources */ = {isa = PBXBuildFile; fileRef = 581FE601DC8DCCAACDE42246 /* PlaygroundShell.swift */; };
		3720CAC58F48F17F4380823C /* PlaygroundHomeView.swift in Sources */ = {isa = PBXBuildFile; fileRef = B19CC216C8A44A82EF86293B /* PlaygroundHomeView.swift */; };
		59CD3BCA61AEB946FF7A2882 /* PlaygroundExamplesView.swift in Sources */ = {isa = PBXBuildFile; fileRef = A61F6D18637F340320DB6A5D /* PlaygroundExamplesView.swift */; };
		5BDA6D9FDFA3F1856259D5AA /* LumenApplePlaygroundApp.swift in Sources */ = {isa = PBXBuildFile; fileRef = EE69F938031E87BABC3FCC66 /* LumenApplePlaygroundApp.swift */; };
		A0279D955040FE673FB268D5 /* PlaygroundSettingsView.swift in Sources */ = {isa = PBXBuildFile; fileRef = AB065D953EB7775096F372DB /* PlaygroundSettingsView.swift */; };
		A27610862D252E7C15973614 /* LumenUI in Frameworks */ = {isa = PBXBuildFile; productRef = 35416C9E579CDA363A493B7B /* LumenUI */; };
		D2F4C18E705C065824038B2A /* LumenUI in Frameworks */ = {isa = PBXBuildFile; productRef = 92444F6FFAE06F3DC42DB84A /* LumenUI */; };
		DB50ECBEE184BDB2D1838CE8 /* Assets.xcassets in Resources */ = {isa = PBXBuildFile; fileRef = 63BB1942FA8B6D286F1A9EBE /* Assets.xcassets */; };
		EB0BAF57DA9822940D2A710A /* LumenWatchPlaygroundApp.swift in Sources */ = {isa = PBXBuildFile; fileRef = 5DB685E8C1D6ED87B7329F1E /* LumenWatchPlaygroundApp.swift */; };
/* End PBXBuildFile section */

/* Begin PBXFileReference section */
		5128309A5EE62A8C5B16E7CD /* lumen */ = {isa = PBXFileReference; lastKnownFileType = folder; name = lumen; path = ../..; sourceTree = SOURCE_ROOT; };
		581FE601DC8DCCAACDE42246 /* PlaygroundShell.swift */ = {isa = PBXFileReference; lastKnownFileType = sourcecode.swift; path = PlaygroundShell.swift; sourceTree = "<group>"; };
		5DB685E8C1D6ED87B7329F1E /* LumenWatchPlaygroundApp.swift */ = {isa = PBXFileReference; lastKnownFileType = sourcecode.swift; path = LumenWatchPlaygroundApp.swift; sourceTree = "<group>"; };
		63BB1942FA8B6D286F1A9EBE /* Assets.xcassets */ = {isa = PBXFileReference; lastKnownFileType = folder.assetcatalog; path = Assets.xcassets; sourceTree = "<group>"; };
		7DE2955684DB72950680BA1F /* LumenApplePlayground.app */ = {isa = PBXFileReference; includeInIndex = 0; lastKnownFileType = wrapper.application; path = LumenApplePlayground.app; sourceTree = BUILT_PRODUCTS_DIR; };
		A61F6D18637F340320DB6A5D /* PlaygroundExamplesView.swift */ = {isa = PBXFileReference; lastKnownFileType = sourcecode.swift; path = PlaygroundExamplesView.swift; sourceTree = "<group>"; };
		A74CE400BC46C61E435CCDCB /* LumenWatchPlayground.app */ = {isa = PBXFileReference; explicitFileType = wrapper.application; includeInIndex = 0; path = LumenWatchPlayground.app; sourceTree = BUILT_PRODUCTS_DIR; };
		AB065D953EB7775096F372DB /* PlaygroundSettingsView.swift */ = {isa = PBXFileReference; lastKnownFileType = sourcecode.swift; path = PlaygroundSettingsView.swift; sourceTree = "<group>"; };
		B19CC216C8A44A82EF86293B /* PlaygroundHomeView.swift */ = {isa = PBXFileReference; lastKnownFileType = sourcecode.swift; path = PlaygroundHomeView.swift; sourceTree = "<group>"; };
		EE69F938031E87BABC3FCC66 /* LumenApplePlaygroundApp.swift */ = {isa = PBXFileReference; lastKnownFileType = sourcecode.swift; path = LumenApplePlaygroundApp.swift; sourceTree = "<group>"; };
/* End PBXFileReference section */

/* Begin PBXFrameworksBuildPhase section */
		1D6DB7F802A3F558048F6CBE /* Frameworks */ = {
			isa = PBXFrameworksBuildPhase;
			buildActionMask = 2147483647;
			files = (
				D2F4C18E705C065824038B2A /* LumenUI in Frameworks */,
			);
			runOnlyForDeploymentPostprocessing = 0;
		};
		7A387EC4D9DB93C38042A9C2 /* Frameworks */ = {
			isa = PBXFrameworksBuildPhase;
			buildActionMask = 2147483647;
			files = (
				A27610862D252E7C15973614 /* LumenUI in Frameworks */,
			);
			runOnlyForDeploymentPostprocessing = 0;
		};
/* End PBXFrameworksBuildPhase section */

/* Begin PBXGroup section */
		20C5455CFF61083C67B4C509 = {
			isa = PBXGroup;
			children = (
				DF2CC21E680132A851141C3E /* LumenApplePlayground */,
				73597BFE18C660151EB9DEB3 /* LumenWatchPlayground */,
				DE258D8D5B5E09B006098DED /* Packages */,
				DC5232210B3A8BE4F18A8383 /* Supporting */,
				8FF15E17560DC8DEB07592CC /* Products */,
			);
			sourceTree = "<group>";
		};
		73597BFE18C660151EB9DEB3 /* LumenWatchPlayground */ = {
			isa = PBXGroup;
			children = (
				5DB685E8C1D6ED87B7329F1E /* LumenWatchPlaygroundApp.swift */,
			);
			name = LumenWatchPlayground;
			path = Sources/LumenWatchPlayground;
			sourceTree = "<group>";
		};
		8FF15E17560DC8DEB07592CC /* Products */ = {
			isa = PBXGroup;
			children = (
				7DE2955684DB72950680BA1F /* LumenApplePlayground.app */,
				A74CE400BC46C61E435CCDCB /* LumenWatchPlayground.app */,
			);
			name = Products;
			sourceTree = "<group>";
		};
		DC5232210B3A8BE4F18A8383 /* Supporting */ = {
			isa = PBXGroup;
			children = (
				63BB1942FA8B6D286F1A9EBE /* Assets.xcassets */,
			);
			path = Supporting;
			sourceTree = "<group>";
		};
		DE258D8D5B5E09B006098DED /* Packages */ = {
			isa = PBXGroup;
			children = (
				5128309A5EE62A8C5B16E7CD /* lumen */,
			);
			name = Packages;
			sourceTree = "<group>";
		};
		DF2CC21E680132A851141C3E /* LumenApplePlayground */ = {
			isa = PBXGroup;
			children = (
				EE69F938031E87BABC3FCC66 /* LumenApplePlaygroundApp.swift */,
				A61F6D18637F340320DB6A5D /* PlaygroundExamplesView.swift */,
				B19CC216C8A44A82EF86293B /* PlaygroundHomeView.swift */,
				AB065D953EB7775096F372DB /* PlaygroundSettingsView.swift */,
				581FE601DC8DCCAACDE42246 /* PlaygroundShell.swift */,
			);
			name = LumenApplePlayground;
			path = Sources/LumenApplePlayground;
			sourceTree = "<group>";
		};
/* End PBXGroup section */

/* Begin PBXNativeTarget section */
		AABF2EC4C9D4597976C5AC7B /* LumenWatchPlayground */ = {
			isa = PBXNativeTarget;
			buildConfigurationList = 7E27A7D1A459A121495BB26E /* Build configuration list for PBXNativeTarget "LumenWatchPlayground" */;
			buildPhases = (
				C78337A39B4C1ED8DEDBD490 /* Sources */,
				1D6DB7F802A3F558048F6CBE /* Frameworks */,
			);
			buildRules = (
			);
			dependencies = (
			);
			name = LumenWatchPlayground;
			packageProductDependencies = (
				92444F6FFAE06F3DC42DB84A /* LumenUI */,
			);
			productName = LumenWatchPlayground;
			productReference = A74CE400BC46C61E435CCDCB /* LumenWatchPlayground.app */;
			productType = "com.apple.product-type.application";
		};
		B87CA3EC27EB3E2B33212422 /* LumenApplePlayground */ = {
			isa = PBXNativeTarget;
			buildConfigurationList = F9F8239E12F477015ACBAF1A /* Build configuration list for PBXNativeTarget "LumenApplePlayground" */;
			buildPhases = (
				37248AACE35CC24032078C12 /* Sources */,
				40510506176E228045152ADF /* Resources */,
				7A387EC4D9DB93C38042A9C2 /* Frameworks */,
			);
			buildRules = (
			);
			dependencies = (
			);
			name = LumenApplePlayground;
			packageProductDependencies = (
				35416C9E579CDA363A493B7B /* LumenUI */,
			);
			productName = LumenApplePlayground;
			productReference = 7DE2955684DB72950680BA1F /* LumenApplePlayground.app */;
			productType = "com.apple.product-type.application";
		};
/* End PBXNativeTarget section */

/* Begin PBXProject section */
		6D32CE28C8DD1B4872E3E316 /* Project object */ = {
			isa = PBXProject;
			attributes = {
				BuildIndependentTargetsInParallel = YES;
				LastUpgradeCheck = 1430;
				TargetAttributes = {
					AABF2EC4C9D4597976C5AC7B = {
						DevelopmentTeam = "";
					};
					B87CA3EC27EB3E2B33212422 = {
						DevelopmentTeam = BY4995HQ3J;
					};
				};
			};
			buildConfigurationList = 4D0FDA1A1C78450F545D0F06 /* Build configuration list for PBXProject "LumenApplePlayground" */;
			developmentRegion = en;
			hasScannedForEncodings = 0;
			knownRegions = (
				Base,
				en,
			);
			mainGroup = 20C5455CFF61083C67B4C509;
			minimizedProjectReferenceProxies = 1;
			packageReferences = (
				1CA72EA85808DCB44F0BF807 /* XCLocalSwiftPackageReference "../.." */,
			);
			preferredProjectObjectVersion = 77;
			productRefGroup = 8FF15E17560DC8DEB07592CC /* Products */;
			projectDirPath = "";
			projectRoot = "";
			targets = (
				B87CA3EC27EB3E2B33212422 /* LumenApplePlayground */,
				AABF2EC4C9D4597976C5AC7B /* LumenWatchPlayground */,
			);
		};
/* End PBXProject section */

/* Begin PBXResourcesBuildPhase section */
		40510506176E228045152ADF /* Resources */ = {
			isa = PBXResourcesBuildPhase;
			buildActionMask = 2147483647;
			files = (
				DB50ECBEE184BDB2D1838CE8 /* Assets.xcassets in Resources */,
			);
			runOnlyForDeploymentPostprocessing = 0;
		};
/* End PBXResourcesBuildPhase section */

/* Begin PBXSourcesBuildPhase section */
		37248AACE35CC24032078C12 /* Sources */ = {
			isa = PBXSourcesBuildPhase;
			buildActionMask = 2147483647;
			files = (
				5BDA6D9FDFA3F1856259D5AA /* LumenApplePlaygroundApp.swift in Sources */,
				59CD3BCA61AEB946FF7A2882 /* PlaygroundExamplesView.swift in Sources */,
				3720CAC58F48F17F4380823C /* PlaygroundHomeView.swift in Sources */,
				A0279D955040FE673FB268D5 /* PlaygroundSettingsView.swift in Sources */,
				014EFFAD9348FEA0E0277DA9 /* PlaygroundShell.swift in Sources */,
			);
			runOnlyForDeploymentPostprocessing = 0;
		};
		C78337A39B4C1ED8DEDBD490 /* Sources */ = {
			isa = PBXSourcesBuildPhase;
			buildActionMask = 2147483647;
			files = (
				EB0BAF57DA9822940D2A710A /* LumenWatchPlaygroundApp.swift in Sources */,
			);
			runOnlyForDeploymentPostprocessing = 0;
		};
/* End PBXSourcesBuildPhase section */

/* Begin XCBuildConfiguration section */
		0F929EB0C4929C8BD4E0F651 /* Debug */ = {
			isa = XCBuildConfiguration;
			buildSettings = {
				ALWAYS_SEARCH_USER_PATHS = NO;
				CLANG_ANALYZER_NONNULL = YES;
				CLANG_ANALYZER_NUMBER_OBJECT_CONVERSION = YES_AGGRESSIVE;
				CLANG_CXX_LANGUAGE_STANDARD = "gnu++14";
				CLANG_CXX_LIBRARY = "libc++";
				CLANG_ENABLE_MODULES = YES;
				CLANG_ENABLE_OBJC_ARC = YES;
				CLANG_ENABLE_OBJC_WEAK = YES;
				CLANG_WARN_BLOCK_CAPTURE_AUTORELEASING = YES;
				CLANG_WARN_BOOL_CONVERSION = YES;
				CLANG_WARN_COMMA = YES;
				CLANG_WARN_CONSTANT_CONVERSION = YES;
				CLANG_WARN_DEPRECATED_OBJC_IMPLEMENTATIONS = YES;
				CLANG_WARN_DIRECT_OBJC_ISA_USAGE = YES_ERROR;
				CLANG_WARN_DOCUMENTATION_COMMENTS = YES;
				CLANG_WARN_EMPTY_BODY = YES;
				CLANG_WARN_ENUM_CONVERSION = YES;
				CLANG_WARN_INFINITE_RECURSION = YES;
				CLANG_WARN_INT_CONVERSION = YES;
				CLANG_WARN_NON_LITERAL_NULL_CONVERSION = YES;
				CLANG_WARN_OBJC_IMPLICIT_RETAIN_SELF = YES;
				CLANG_WARN_OBJC_LITERAL_CONVERSION = YES;
				CLANG_WARN_OBJC_ROOT_CLASS = YES_ERROR;
				CLANG_WARN_QUOTED_INCLUDE_IN_FRAMEWORK_HEADER = YES;
				CLANG_WARN_RANGE_LOOP_ANALYSIS = YES;
				CLANG_WARN_STRICT_PROTOTYPES = YES;
				CLANG_WARN_SUSPICIOUS_MOVE = YES;
				CLANG_WARN_UNGUARDED_AVAILABILITY = YES_AGGRESSIVE;
				CLANG_WARN_UNREACHABLE_CODE = YES;
				CLANG_WARN__DUPLICATE_METHOD_MATCH = YES;
				COPY_PHASE_STRIP = NO;
				DEBUG_INFORMATION_FORMAT = dwarf;
				ENABLE_STRICT_OBJC_MSGSEND = YES;
				ENABLE_TESTABILITY = YES;
				GCC_C_LANGUAGE_STANDARD = gnu11;
				GCC_DYNAMIC_NO_PIC = NO;
				GCC_NO_COMMON_BLOCKS = YES;
				GCC_OPTIMIZATION_LEVEL = 0;
				GCC_PREPROCESSOR_DEFINITIONS = (
					"$(inherited)",
					"DEBUG=1",
				);
				GCC_WARN_64_TO_32_BIT_CONVERSION = YES;
				GCC_WARN_ABOUT_RETURN_TYPE = YES_ERROR;
				GCC_WARN_UNDECLARED_SELECTOR = YES;
				GCC_WARN_UNINITIALIZED_AUTOS = YES_AGGRESSIVE;
				GCC_WARN_UNUSED_FUNCTION = YES;
				GCC_WARN_UNUSED_VARIABLE = YES;
				IPHONEOS_DEPLOYMENT_TARGET = 16.0;
				MTL_ENABLE_DEBUG_INFO = INCLUDE_SOURCE;
				MTL_FAST_MATH = YES;
				ONLY_ACTIVE_ARCH = YES;
				PRODUCT_NAME = "$(TARGET_NAME)";
				SWIFT_ACTIVE_COMPILATION_CONDITIONS = DEBUG;
				SWIFT_OPTIMIZATION_LEVEL = "-Onone";
				SWIFT_VERSION = 5.0;
			};
			name = Debug;
		};
		128C70D7F086F4B94F6BB982 /* Release */ = {
			isa = XCBuildConfiguration;
			buildSettings = {
				ASSETCATALOG_COMPILER_APPICON_NAME = AppIcon;
				CODE_SIGN_IDENTITY = "iPhone Developer";
				CURRENT_PROJECT_VERSION = 1;
				DEVELOPMENT_TEAM = BY4995HQ3J;
				GENERATE_INFOPLIST_FILE = NO;
				INFOPLIST_FILE = Supporting/Info.plist;
				LD_RUNPATH_SEARCH_PATHS = (
					"$(inherited)",
					"@executable_path/Frameworks",
				);
				MARKETING_VERSION = 1.0.0;
				PRODUCT_BUNDLE_IDENTIFIER = com.santi020k.lumen.playground.apple;
				SDKROOT = iphoneos;
				SWIFT_VERSION = 6.0;
				TARGETED_DEVICE_FAMILY = "1,2";
				VERSIONING_SYSTEM = "apple-generic";
			};
			name = Release;
		};
		2BC8DC344C05F3A9E3DC837B /* Release */ = {
			isa = XCBuildConfiguration;
			buildSettings = {
				ASSETCATALOG_COMPILER_APPICON_NAME = AppIcon;
				CURRENT_PROJECT_VERSION = 1;
				DEVELOPMENT_TEAM = "";
				GENERATE_INFOPLIST_FILE = YES;
				INFOPLIST_KEY_CFBundleDisplayName = "Lumen Watch";
				INFOPLIST_KEY_ITSAppUsesNonExemptEncryption = NO;
				INFOPLIST_KEY_WKApplication = YES;
				INFOPLIST_KEY_WKWatchOnly = YES;
				MARKETING_VERSION = 1.0.0;
				PRODUCT_BUNDLE_IDENTIFIER = com.santi020k.lumen.playground.watch;
				SDKROOT = watchos;
				SKIP_INSTALL = YES;
				SWIFT_VERSION = 6.0;
				TARGETED_DEVICE_FAMILY = 4;
				WATCHOS_DEPLOYMENT_TARGET = 9.0;
			};
			name = Release;
		};
		3A7415AAB669A937B806110C /* Debug */ = {
			isa = XCBuildConfiguration;
			buildSettings = {
				ASSETCATALOG_COMPILER_APPICON_NAME = AppIcon;
				CODE_SIGN_IDENTITY = "iPhone Developer";
				CURRENT_PROJECT_VERSION = 1;
				DEVELOPMENT_TEAM = BY4995HQ3J;
				GENERATE_INFOPLIST_FILE = NO;
				INFOPLIST_FILE = Supporting/Info.plist;
				LD_RUNPATH_SEARCH_PATHS = (
					"$(inherited)",
					"@executable_path/Frameworks",
				);
				MARKETING_VERSION = 1.0.0;
				PRODUCT_BUNDLE_IDENTIFIER = com.santi020k.lumen.playground.apple;
				SDKROOT = iphoneos;
				SWIFT_VERSION = 6.0;
				TARGETED_DEVICE_FAMILY = "1,2";
				VERSIONING_SYSTEM = "apple-generic";
			};
			name = Debug;
		};
		D12B609D4415EDEED68F35D1 /* Release */ = {
			isa = XCBuildConfiguration;
			buildSettings = {
				ALWAYS_SEARCH_USER_PATHS = NO;
				CLANG_ANALYZER_NONNULL = YES;
				CLANG_ANALYZER_NUMBER_OBJECT_CONVERSION = YES_AGGRESSIVE;
				CLANG_CXX_LANGUAGE_STANDARD = "gnu++14";
				CLANG_CXX_LIBRARY = "libc++";
				CLANG_ENABLE_MODULES = YES;
				CLANG_ENABLE_OBJC_ARC = YES;
				CLANG_ENABLE_OBJC_WEAK = YES;
				CLANG_WARN_BLOCK_CAPTURE_AUTORELEASING = YES;
				CLANG_WARN_BOOL_CONVERSION = YES;
				CLANG_WARN_COMMA = YES;
				CLANG_WARN_CONSTANT_CONVERSION = YES;
				CLANG_WARN_DEPRECATED_OBJC_IMPLEMENTATIONS = YES;
				CLANG_WARN_DIRECT_OBJC_ISA_USAGE = YES_ERROR;
				CLANG_WARN_DOCUMENTATION_COMMENTS = YES;
				CLANG_WARN_EMPTY_BODY = YES;
				CLANG_WARN_ENUM_CONVERSION = YES;
				CLANG_WARN_INFINITE_RECURSION = YES;
				CLANG_WARN_INT_CONVERSION = YES;
				CLANG_WARN_NON_LITERAL_NULL_CONVERSION = YES;
				CLANG_WARN_OBJC_IMPLICIT_RETAIN_SELF = YES;
				CLANG_WARN_OBJC_LITERAL_CONVERSION = YES;
				CLANG_WARN_OBJC_ROOT_CLASS = YES_ERROR;
				CLANG_WARN_QUOTED_INCLUDE_IN_FRAMEWORK_HEADER = YES;
				CLANG_WARN_RANGE_LOOP_ANALYSIS = YES;
				CLANG_WARN_STRICT_PROTOTYPES = YES;
				CLANG_WARN_SUSPICIOUS_MOVE = YES;
				CLANG_WARN_UNGUARDED_AVAILABILITY = YES_AGGRESSIVE;
				CLANG_WARN_UNREACHABLE_CODE = YES;
				CLANG_WARN__DUPLICATE_METHOD_MATCH = YES;
				COPY_PHASE_STRIP = NO;
				DEBUG_INFORMATION_FORMAT = "dwarf-with-dsym";
				ENABLE_NS_ASSERTIONS = NO;
				ENABLE_STRICT_OBJC_MSGSEND = YES;
				GCC_C_LANGUAGE_STANDARD = gnu11;
				GCC_NO_COMMON_BLOCKS = YES;
				GCC_WARN_64_TO_32_BIT_CONVERSION = YES;
				GCC_WARN_ABOUT_RETURN_TYPE = YES_ERROR;
				GCC_WARN_UNDECLARED_SELECTOR = YES;
				GCC_WARN_UNINITIALIZED_AUTOS = YES_AGGRESSIVE;
				GCC_WARN_UNUSED_FUNCTION = YES;
				GCC_WARN_UNUSED_VARIABLE = YES;
				IPHONEOS_DEPLOYMENT_TARGET = 16.0;
				MTL_ENABLE_DEBUG_INFO = NO;
				MTL_FAST_MATH = YES;
				PRODUCT_NAME = "$(TARGET_NAME)";
				SWIFT_COMPILATION_MODE = wholemodule;
				SWIFT_OPTIMIZATION_LEVEL = "-O";
				SWIFT_VERSION = 5.0;
			};
			name = Release;
		};
		F88F0A850289312DAC393C84 /* Debug */ = {
			isa = XCBuildConfiguration;
			buildSettings = {
				ASSETCATALOG_COMPILER_APPICON_NAME = AppIcon;
				CURRENT_PROJECT_VERSION = 1;
				DEVELOPMENT_TEAM = "";
				GENERATE_INFOPLIST_FILE = YES;
				INFOPLIST_KEY_CFBundleDisplayName = "Lumen Watch";
				INFOPLIST_KEY_ITSAppUsesNonExemptEncryption = NO;
				INFOPLIST_KEY_WKApplication = YES;
				INFOPLIST_KEY_WKWatchOnly = YES;
				MARKETING_VERSION = 1.0.0;
				PRODUCT_BUNDLE_IDENTIFIER = com.santi020k.lumen.playground.watch;
				SDKROOT = watchos;
				SKIP_INSTALL = YES;
				SWIFT_VERSION = 6.0;
				TARGETED_DEVICE_FAMILY = 4;
				WATCHOS_DEPLOYMENT_TARGET = 9.0;
			};
			name = Debug;
		};
/* End XCBuildConfiguration section */

/* Begin XCConfigurationList section */
		4D0FDA1A1C78450F545D0F06 /* Build configuration list for PBXProject "LumenApplePlayground" */ = {
			isa = XCConfigurationList;
			buildConfigurations = (
				0F929EB0C4929C8BD4E0F651 /* Debug */,
				D12B609D4415EDEED68F35D1 /* Release */,
			);
			defaultConfigurationIsVisible = 0;
			defaultConfigurationName = Debug;
		};
		7E27A7D1A459A121495BB26E /* Build configuration list for PBXNativeTarget "LumenWatchPlayground" */ = {
			isa = XCConfigurationList;
			buildConfigurations = (
				F88F0A850289312DAC393C84 /* Debug */,
				2BC8DC344C05F3A9E3DC837B /* Release */,
			);
			defaultConfigurationIsVisible = 0;
			defaultConfigurationName = Debug;
		};
		F9F8239E12F477015ACBAF1A /* Build configuration list for PBXNativeTarget "LumenApplePlayground" */ = {
			isa = XCConfigurationList;
			buildConfigurations = (
				3A7415AAB669A937B806110C /* Debug */,
				128C70D7F086F4B94F6BB982 /* Release */,
			);
			defaultConfigurationIsVisible = 0;
			defaultConfigurationName = Debug;
		};
/* End XCConfigurationList section */

/* Begin XCLocalSwiftPackageReference section */
		1CA72EA85808DCB44F0BF807 /* XCLocalSwiftPackageReference "../.." */ = {
			isa = XCLocalSwiftPackageReference;
			relativePath = ../..;
		};
/* End XCLocalSwiftPackageReference section */

/* Begin XCSwiftPackageProductDependency section */
		35416C9E579CDA363A493B7B /* LumenUI */ = {
			isa = XCSwiftPackageProductDependency;
			productName = LumenUI;
		};
		92444F6FFAE06F3DC42DB84A /* LumenUI */ = {
			isa = XCSwiftPackageProductDependency;
			productName = LumenUI;
		};
/* End XCSwiftPackageProductDependency section */
	};
	rootObject = 6D32CE28C8DD1B4872E3E316 /* Project object */;
}
