{
  "originHash" : "79c759a52b9995eabb536135b51ea0fe47463e37c3ac0c9e370386a56490e605",
  "pins" : [
    {
      "identity" : "phonenumberkit",
      "kind" : "remoteSourceControl",
      "location" : "https://github.com/PhoneNumberKit/PhoneNumberKit.git",
      "state" : {
        "revision" : "cf2f1df6f2fe8b49701f4b43f0e97c7bd113d034",
        "version" : "5.0.8"
      }
    }
  ],
  "version" : 3
}
